// !$*UTF8*$!
{
	archiveVersion = 1;
	classes = {
	};
	objectVersion = 50;
	objects = {

/* Begin PBXBuildFile section */
		D11D441C25076C63000D088C /* AppDelegate.swift in Sources */ = {isa = PBXBuildFile; fileRef = D11D441B25076C63000D088C /* AppDelegate.swift */; };
		D11D441E25076C63000D088C /* SceneDelegate.swift in Sources */ = {isa = PBXBuildFile; fileRef = D11D441D25076C63000D088C /* SceneDelegate.swift */; };
		D11D442025076C63000D088C /* LandmarkDetail.swift in Sources */ = {isa = PBXBuildFile; fileRef = D11D441F25076C63000D088C /* LandmarkDetail.swift */; };
		D11D442225076C64000D088C /* Assets.xcassets in Resources */ = {isa = PBXBuildFile; fileRef = D11D442125076C64000D088C /* Assets.xcassets */; };
		D11D442525076C64000D088C /* Preview Assets.xcassets in Resources */ = {isa = PBXBuildFile; fileRef = D11D442425076C64000D088C /* Preview Assets.xcassets */; };
		D11D442825076C64000D088C /* LaunchScreen.storyboard in Resources */ = {isa = PBXBuildFile; fileRef = D11D442625076C64000D088C /* LaunchScreen.storyboard */; };
		D11D4430250773A7000D088C /* CircleImage.swift in Sources */ = {isa = PBXBuildFile; fileRef = D11D442F250773A7000D088C /* CircleImage.swift */; };
		D11D443225077668000D088C /* MapView.swift in Sources */ = {isa = PBXBuildFile; fileRef = D11D443125077668000D088C /* MapView.swift */; };
		D11D44502508CAFC000D088C /* Landmark.swift in Sources */ = {isa = PBXBuildFile; fileRef = D11D444F2508CAFC000D088C /* Landmark.swift */; };
		D11D44542508D051000D088C /* Data.swift in Sources */ = {isa = PBXBuildFile; fileRef = D11D44532508D051000D088C /* Data.swift */; };
		D11D44562508D24E000D088C /* LandmarkList.swift in Sources */ = {isa = PBXBuildFile; fileRef = D11D44552508D24E000D088C /* LandmarkList.swift */; };
		D19E1A3C2509D74700FF8FEF /* twinlake.jpg in Resources */ = {isa = PBXBuildFile; fileRef = D19E1A2F2509D74500FF8FEF /* twinlake.jpg */; };
		D19E1A3D2509D74700FF8FEF /* landmarkData.json in Resources */ = {isa = PBXBuildFile; fileRef = D19E1A302509D74500FF8FEF /* landmarkData.json */; };
		D19E1A3E2509D74700FF8FEF /* hiddenlake.jpg in Resources */ = {isa = PBXBuildFile; fileRef = D19E1A312509D74500FF8FEF /* hiddenlake.jpg */; };
		D19E1A3F2509D74700FF8FEF /* chilkoottrail.jpg in Resources */ = {isa = PBXBuildFile; fileRef = D19E1A322509D74600FF8FEF /* chilkoottrail.jpg */; };
		D19E1A402509D74700FF8FEF /* chincoteague.jpg in Resources */ = {isa = PBXBuildFile; fileRef = D19E1A332509D74600FF8FEF /* chincoteague.jpg */; };
		D19E1A412509D74700FF8FEF /* umbagog.jpg in Resources */ = {isa = PBXBuildFile; fileRef = D19E1A342509D74600FF8FEF /* umbagog.jpg */; };
		D19E1A422509D74700FF8FEF /* stmarylake.jpg in Resources */ = {isa = PBXBuildFile; fileRef = D19E1A352509D74600FF8FEF /* stmarylake.jpg */; };
		D19E1A432509D74700FF8FEF /* icybay.jpg in Resources */ = {isa = PBXBuildFile; fileRef = D19E1A362509D74600FF8FEF /* icybay.jpg */; };
		D19E1A442509D74700FF8FEF /* silversalmoncreek.jpg in Resources */ = {isa = PBXBuildFile; fileRef = D19E1A372509D74600FF8FEF /* silversalmoncreek.jpg */; };
		D19E1A452509D74700FF8FEF /* rainbowlake.jpg in Resources */ = {isa = PBXBuildFile; fileRef = D19E1A382509D74600FF8FEF /* rainbowlake.jpg */; };
		D19E1A462509D74700FF8FEF /* turtlerock.jpg in Resources */ = {isa = PBXBuildFile; fileRef = D19E1A392509D74600FF8FEF /* turtlerock.jpg */; };
		D19E1A472509D74700FF8FEF /* charleyrivers.jpg in Resources */ = {isa = PBXBuildFile; fileRef = D19E1A3A2509D74600FF8FEF /* charleyrivers.jpg */; };
		D19E1A482509D74700FF8FEF /* lakemcdonald.jpg in Resources */ = {isa = PBXBuildFile; fileRef = D19E1A3B2509D74600FF8FEF /* lakemcdonald.jpg */; };
		D19E1A4A2509D7BB00FF8FEF /* LandmarkRow.swift in Sources */ = {isa = PBXBuildFile; fileRef = D19E1A492509D7BB00FF8FEF /* LandmarkRow.swift */; };
		D19E1A4C2509E26A00FF8FEF /* UserData.swift in Sources */ = {isa = PBXBuildFile; fileRef = D19E1A4B2509E26A00FF8FEF /* UserData.swift */; };
		D19E1A4E250A0E6800FF8FEF /* Badge.swift in Sources */ = {isa = PBXBuildFile; fileRef = D19E1A4D250A0E6800FF8FEF /* Badge.swift */; };
		D19E1A50250A0EAD00FF8FEF /* HexagonParameters.swift in Sources */ = {isa = PBXBuildFile; fileRef = D19E1A4F250A0EAD00FF8FEF /* HexagonParameters.swift */; };
		D19E1A52250A10C000FF8FEF /* BadgeBackground.swift in Sources */ = {isa = PBXBuildFile; fileRef = D19E1A51250A10C000FF8FEF /* BadgeBackground.swift */; };
		D19E1A54250A114300FF8FEF /* BadgeSymbol.swift in Sources */ = {isa = PBXBuildFile; fileRef = D19E1A53250A114300FF8FEF /* BadgeSymbol.swift */; };
		D19E1A56250A11D700FF8FEF /* RotatedBadgeSymbol.swift in Sources */ = {isa = PBXBuildFile; fileRef = D19E1A55250A11D700FF8FEF /* RotatedBadgeSymbol.swift */; };
/* End PBXBuildFile section */

/* Begin PBXFileReference section */
		D11D441825076C63000D088C /* Landmarks.app */ = {isa = PBXFileReference; explicitFileType = wrapper.application; includeInIndex = 0; path = Landmarks.app; sourceTree = BUILT_PRODUCTS_DIR; };
		D11D441B25076C63000D088C /* AppDelegate.swift */ = {isa = PBXFileReference; lastKnownFileType = sourcecode.swift; path = AppDelegate.swift; sourceTree = "<group>"; };
		D11D441D25076C63000D088C /* SceneDelegate.swift */ = {isa = PBXFileReference; lastKnownFileType = sourcecode.swift; path = SceneDelegate.swift; sourceTree = "<group>"; };
		D11D441F25076C63000D088C /* LandmarkDetail.swift */ = {isa = PBXFileReference; lastKnownFileType = sourcecode.swift; path = LandmarkDetail.swift; sourceTree = "<group>"; };
		D11D442125076C64000D088C /* Assets.xcassets */ = {isa = PBXFileReference; lastKnownFileType = folder.assetcatalog; path = Assets.xcassets; sourceTree = "<group>"; };
		D11D442425076C64000D088C /* Preview Assets.xcassets */ = {isa = PBXFileReference; lastKnownFileType = folder.assetcatalog; path = "Preview Assets.xcassets"; sourceTree = "<group>"; };
		D11D442725076C64000D088C /* Base */ = {isa = PBXFileReference; lastKnownFileType = file.storyboard; name = Base; path = Base.lproj/LaunchScreen.storyboard; sourceTree = "<group>"; };
		D11D442925076C64000D088C /* Info.plist */ = {isa = PBXFileReference; lastKnownFileType = text.plist.xml; path = Info.plist; sourceTree = "<group>"; };
		D11D442F250773A7000D088C /* CircleImage.swift */ = {isa = PBXFileReference; lastKnownFileType = sourcecode.swift; path = CircleImage.swift; sourceTree = "<group>"; };
		D11D443125077668000D088C /* MapView.swift */ = {isa = PBXFileReference; lastKnownFileType = sourcecode.swift; path = MapView.swift; sourceTree = "<group>"; };
		D11D444F2508CAFC000D088C /* Landmark.swift */ = {isa = PBXFileReference; lastKnownFileType = sourcecode.swift; path = Landmark.swift; sourceTree = "<group>"; };
		D11D44532508D051000D088C /* Data.swift */ = {isa = PBXFileReference; lastKnownFileType = sourcecode.swift; path = Data.swift; sourceTree = "<group>"; };
		D11D44552508D24E000D088C /* LandmarkList.swift */ = {isa = PBXFileReference; lastKnownFileType = sourcecode.swift; path = LandmarkList.swift; sourceTree = "<group>"; };
		D19E1A2F2509D74500FF8FEF /* twinlake.jpg */ = {isa = PBXFileReference; lastKnownFileType = image.jpeg; name = twinlake.jpg; path = ../../../../../../../Desktop/HandlingUserInput/Complete/Landmarks/Landmarks/Resources/twinlake.jpg; sourceTree = "<group>"; };
		D19E1A302509D74500FF8FEF /* landmarkData.json */ = {isa = PBXFileReference; fileEncoding = 4; lastKnownFileType = text.json; name = landmarkData.json; path = ../../../../../../../Desktop/HandlingUserInput/Complete/Landmarks/Landmarks/Resources/landmarkData.json; sourceTree = "<group>"; };
		D19E1A312509D74500FF8FEF /* hiddenlake.jpg */ = {isa = PBXFileReference; lastKnownFileType = image.jpeg; name = hiddenlake.jpg; path = ../../../../../../../Desktop/HandlingUserInput/Complete/Landmarks/Landmarks/Resources/hiddenlake.jpg; sourceTree = "<group>"; };
		D19E1A322509D74600FF8FEF /* chilkoottrail.jpg */ = {isa = PBXFileReference; lastKnownFileType = image.jpeg; name = chilkoottrail.jpg; path = ../../../../../../../Desktop/HandlingUserInput/Complete/Landmarks/Landmarks/Resources/chilkoottrail.jpg; sourceTree = "<group>"; };
		D19E1A332509D74600FF8FEF /* chincoteague.jpg */ = {isa = PBXFileReference; lastKnownFileType = image.jpeg; name = chincoteague.jpg; path = ../../../../../../../Desktop/HandlingUserInput/Complete/Landmarks/Landmarks/Resources/chincoteague.jpg; sourceTree = "<group>"; };
		D19E1A342509D74600FF8FEF /* umbagog.jpg */ = {isa = PBXFileReference; lastKnownFileType = image.jpeg; name = umbagog.jpg; path = ../../../../../../../Desktop/HandlingUserInput/Complete/Landmarks/Landmarks/Resources/umbagog.jpg; sourceTree = "<group>"; };
		D19E1A352509D74600FF8FEF /* stmarylake.jpg */ = {isa = PBXFileReference; lastKnownFileType = image.jpeg; name = stmarylake.jpg; path = ../../../../../../../Desktop/HandlingUserInput/Complete/Landmarks/Landmarks/Resources/stmarylake.jpg; sourceTree = "<group>"; };
		D19E1A362509D74600FF8FEF /* icybay.jpg */ = {isa = PBXFileReference; lastKnownFileType = image.jpeg; name = icybay.jpg; path = ../../../../../../../Desktop/HandlingUserInput/Complete/Landmarks/Landmarks/Resources/icybay.jpg; sourceTree = "<group>"; };
		D19E1A372509D74600FF8FEF /* silversalmoncreek.jpg */ = {isa = PBXFileReference; lastKnownFileType = image.jpeg; name = silversalmoncreek.jpg; path = ../../../../../../../Desktop/HandlingUserInput/Complete/Landmarks/Landmarks/Resources/silversalmoncreek.jpg; sourceTree = "<group>"; };
		D19E1A382509D74600FF8FEF /* rainbowlake.jpg */ = {isa = PBXFileReference; lastKnownFileType = image.jpeg; name = rainbowlake.jpg; path = ../../../../../../../Desktop/HandlingUserInput/Complete/Landmarks/Landmarks/Resources/rainbowlake.jpg; sourceTree = "<group>"; };
		D19E1A392509D74600FF8FEF /* turtlerock.jpg */ = {isa = PBXFileReference; lastKnownFileType = image.jpeg; name = turtlerock.jpg; path = ../../../../../../../Desktop/HandlingUserInput/Complete/Landmarks/Landmarks/Resources/turtlerock.jpg; sourceTree = "<group>"; };
		D19E1A3A2509D74600FF8FEF /* charleyrivers.jpg */ = {isa = PBXFileReference; lastKnownFileType = image.jpeg; name = charleyrivers.jpg; path = ../../../../../../../Desktop/HandlingUserInput/Complete/Landmarks/Landmarks/Resources/charleyrivers.jpg; sourceTree = "<group>"; };
		D19E1A3B2509D74600FF8FEF /* lakemcdonald.jpg */ = {isa = PBXFileReference; lastKnownFileType = image.jpeg; name = lakemcdonald.jpg; path = ../../../../../../../Desktop/HandlingUserInput/Complete/Landmarks/Landmarks/Resources/lakemcdonald.jpg; sourceTree = "<group>"; };
		D19E1A492509D7BB00FF8FEF /* LandmarkRow.swift */ = {isa = PBXFileReference; fileEncoding = 4; lastKnownFileType = sourcecode.swift; name = LandmarkRow.swift; path = "../../../../../../Desktop/HandlingUserInput/Complete/Landmarks/Landmarks/Supporting Views/LandmarkRow.swift"; sourceTree = "<group>"; };
		D19E1A4B2509E26A00FF8FEF /* UserData.swift */ = {isa = PBXFileReference; lastKnownFileType = sourcecode.swift; path = UserData.swift; sourceTree = "<group>"; };
		D19E1A4D250A0E6800FF8FEF /* Badge.swift */ = {isa = PBXFileReference; lastKnownFileType = sourcecode.swift; path = Badge.swift; sourceTree = "<group>"; };
		D19E1A4F250A0EAD00FF8FEF /* HexagonParameters.swift */ = {isa = PBXFileReference; lastKnownFileType = sourcecode.swift; path = HexagonParameters.swift; sourceTree = "<group>"; };
		D19E1A51250A10C000FF8FEF /* BadgeBackground.swift */ = {isa = PBXFileReference; lastKnownFileType = sourcecode.swift; path = BadgeBackground.swift; sourceTree = "<group>"; };
		D19E1A53250A114300FF8FEF /* BadgeSymbol.swift */ = {isa = PBXFileReference; lastKnownFileType = sourcecode.swift; path = BadgeSymbol.swift; sourceTree = "<group>"; };
		D19E1A55250A11D700FF8FEF /* RotatedBadgeSymbol.swift */ = {isa = PBXFileReference; lastKnownFileType = sourcecode.swift; path = RotatedBadgeSymbol.swift; sourceTree = "<group>"; };
		D19E1A59250A1EDC00FF8FEF /* LandmarkRow.swift */ = {isa = PBXFileReference; lastKnownFileType = sourcecode.swift; path = LandmarkRow.swift; sourceTree = "<group>"; };
/* End PBXFileReference section */

/* Begin PBXFrameworksBuildPhase section */
		D11D441525076C63000D088C /* Frameworks */ = {
			isa = PBXFrameworksBuildPhase;
			buildActionMask = 2147483647;
			files = (
			);
			runOnlyForDeploymentPostprocessing = 0;
		};
/* End PBXFrameworksBuildPhase section */

/* Begin PBXGroup section */
		D11D440F25076C63000D088C = {
			isa = PBXGroup;
			children = (
				D11D441A25076C63000D088C /* Landmarks */,
				D11D441925076C63000D088C /* Products */,
			);
			sourceTree = "<group>";
		};
		D11D441925076C63000D088C /* Products */ = {
			isa = PBXGroup;
			children = (
				D11D441825076C63000D088C /* Landmarks.app */,
			);
			name = Products;
			sourceTree = "<group>";
		};
		D11D441A25076C63000D088C /* Landmarks */ = {
			isa = PBXGroup;
			children = (
				D19E1A58250A1EC100FF8FEF /* View */,
				D19E1A57250A1EB700FF8FEF /* Badge */,
				D1AB4FAC2509D3D500540F6E /* Resources */,
				D11D44342508CAA9000D088C /* Models */,
				D11D441B25076C63000D088C /* AppDelegate.swift */,
				D11D441D25076C63000D088C /* SceneDelegate.swift */,
				D19E1A492509D7BB00FF8FEF /* LandmarkRow.swift */,
				D11D442125076C64000D088C /* Assets.xcassets */,
				D11D442625076C64000D088C /* LaunchScreen.storyboard */,
				D11D442925076C64000D088C /* Info.plist */,
				D11D442325076C64000D088C /* Preview Content */,
			);
			path = Landmarks;
			sourceTree = "<group>";
		};
		D11D442325076C64000D088C /* Preview Content */ = {
			isa = PBXGroup;
			children = (
				D11D442425076C64000D088C /* Preview Assets.xcassets */,
			);
			path = "Preview Content";
			sourceTree = "<group>";
		};
		D11D44342508CAA9000D088C /* Models */ = {
			isa = PBXGroup;
			children = (
				D11D444F2508CAFC000D088C /* Landmark.swift */,
				D11D44532508D051000D088C /* Data.swift */,
				D19E1A4B2509E26A00FF8FEF /* UserData.swift */,
			);
			path = Models;
			sourceTree = "<group>";
		};
		D19E1A57250A1EB700FF8FEF /* Badge */ = {
			isa = PBXGroup;
			children = (
				D19E1A4D250A0E6800FF8FEF /* Badge.swift */,
				D19E1A55250A11D700FF8FEF /* RotatedBadgeSymbol.swift */,
				D19E1A53250A114300FF8FEF /* BadgeSymbol.swift */,
				D19E1A51250A10C000FF8FEF /* BadgeBackground.swift */,
				D19E1A4F250A0EAD00FF8FEF /* HexagonParameters.swift */,
			);
			path = Badge;
			sourceTree = "<group>";
		};
		D19E1A58250A1EC100FF8FEF /* View */ = {
			isa = PBXGroup;
			children = (
				D19E1A5A250A1EE800FF8FEF /* LandmarkList */,
				D11D442F250773A7000D088C /* CircleImage.swift */,
				D11D443125077668000D088C /* MapView.swift */,
			);
			path = View;
			sourceTree = "<group>";
		};
		D19E1A5A250A1EE800FF8FEF /* LandmarkList */ = {
			isa = PBXGroup;
			children = (
				D11D441F25076C63000D088C /* LandmarkDetail.swift */,
				D19E1A59250A1EDC00FF8FEF /* LandmarkRow.swift */,
				D11D44552508D24E000D088C /* LandmarkList.swift */,
			);
			path = LandmarkList;
			sourceTree = "<group>";
		};
		D1AB4FAC2509D3D500540F6E /* Resources */ = {
			isa = PBXGroup;
			children = (
				D19E1A3A2509D74600FF8FEF /* charleyrivers.jpg */,
				D19E1A322509D74600FF8FEF /* chilkoottrail.jpg */,
				D19E1A332509D74600FF8FEF /* chincoteague.jpg */,
				D19E1A312509D74500FF8FEF /* hiddenlake.jpg */,
				D19E1A362509D74600FF8FEF /* icybay.jpg */,
				D19E1A3B2509D74600FF8FEF /* lakemcdonald.jpg */,
				D19E1A382509D74600FF8FEF /* rainbowlake.jpg */,
				D19E1A372509D74600FF8FEF /* silversalmoncreek.jpg */,
				D19E1A302509D74500FF8FEF /* landmarkData.json */,
				D19E1A352509D74600FF8FEF /* stmarylake.jpg */,
				D19E1A392509D74600FF8FEF /* turtlerock.jpg */,
				D19E1A2F2509D74500FF8FEF /* twinlake.jpg */,
				D19E1A342509D74600FF8FEF /* umbagog.jpg */,
			);
			path = Resources;
			sourceTree = "<group>";
		};
/* End PBXGroup section */

/* Begin PBXNativeTarget section */
		D11D441725076C63000D088C /* Landmarks */ = {
			isa = PBXNativeTarget;
			buildConfigurationList = D11D442C25076C64000D088C /* Build configuration list for PBXNativeTarget "Landmarks" */;
			buildPhases = (
				D11D441425076C63000D088C /* Sources */,
				D11D441525076C63000D088C /* Frameworks */,
				D11D441625076C63000D088C /* Resources */,
			);
			buildRules = (
			);
			dependencies = (
			);
			name = Landmarks;
			productName = Landmarks;
			productReference = D11D441825076C63000D088C /* Landmarks.app */;
			productType = "com.apple.product-type.application";
		};
/* End PBXNativeTarget section */

/* Begin PBXProject section */
		D11D441025076C63000D088C /* Project object */ = {
			isa = PBXProject;
			attributes = {
				LastSwiftUpdateCheck = 1160;
				LastUpgradeCheck = 1160;
				ORGANIZATIONNAME = "Keita Shiga";
				TargetAttributes = {
					D11D441725076C63000D088C = {
						CreatedOnToolsVersion = 11.6;
					};
				};
			};
			buildConfigurationList = D11D441325076C63000D088C /* Build configuration list for PBXProject "Landmarks" */;
			compatibilityVersion = "Xcode 9.3";
			developmentRegion = en;
			hasScannedForEncodings = 0;
			knownRegions = (
				en,
				Base,
			);
			mainGroup = D11D440F25076C63000D088C;
			productRefGroup = D11D441925076C63000D088C /* Products */;
			projectDirPath = "";
			projectRoot = "";
			targets = (
				D11D441725076C63000D088C /* Landmarks */,
			);
		};
/* End PBXProject section */

/* Begin PBXResourcesBuildPhase section */
		D11D441625076C63000D088C /* Resources */ = {
			isa = PBXResourcesBuildPhase;
			buildActionMask = 2147483647;
			files = (
				D19E1A482509D74700FF8FEF /* lakemcdonald.jpg in Resources */,
				D19E1A422509D74700FF8FEF /* stmarylake.jpg in Resources */,
				D19E1A402509D74700FF8FEF /* chincoteague.jpg in Resources */,
				D19E1A452509D74700FF8FEF /* rainbowlake.jpg in Resources */,
				D11D442825076C64000D088C /* LaunchScreen.storyboard in Resources */,
				D19E1A472509D74700FF8FEF /* charleyrivers.jpg in Resources */,
				D11D442525076C64000D088C /* Preview Assets.xcassets in Resources */,
				D19E1A462509D74700FF8FEF /* turtlerock.jpg in Resources */,
				D19E1A442509D74700FF8FEF /* silversalmoncreek.jpg in Resources */,
				D19E1A432509D74700FF8FEF /* icybay.jpg in Resources */,
				D19E1A3E2509D74700FF8FEF /* hiddenlake.jpg in Resources */,
				D19E1A3F2509D74700FF8FEF /* chilkoottrail.jpg in Resources */,
				D19E1A3C2509D74700FF8FEF /* twinlake.jpg in Resources */,
				D11D442225076C64000D088C /* Assets.xcassets in Resources */,
				D19E1A412509D74700FF8FEF /* umbagog.jpg in Resources */,
				D19E1A3D2509D74700FF8FEF /* landmarkData.json in Resources */,
			);
			runOnlyForDeploymentPostprocessing = 0;
		};
/* End PBXResourcesBuildPhase section */

/* Begin PBXSourcesBuildPhase section */
		D11D441425076C63000D088C /* Sources */ = {
			isa = PBXSourcesBuildPhase;
			buildActionMask = 2147483647;
			files = (
				D19E1A50250A0EAD00FF8FEF /* HexagonParameters.swift in Sources */,
				D11D441C25076C63000D088C /* AppDelegate.swift in Sources */,
				D11D4430250773A7000D088C /* CircleImage.swift in Sources */,
				D19E1A4E250A0E6800FF8FEF /* Badge.swift in Sources */,
				D11D443225077668000D088C /* MapView.swift in Sources */,
				D11D441E25076C63000D088C /* SceneDelegate.swift in Sources */,
				D11D44562508D24E000D088C /* LandmarkList.swift in Sources */,
				D19E1A54250A114300FF8FEF /* BadgeSymbol.swift in Sources */,
				D19E1A56250A11D700FF8FEF /* RotatedBadgeSymbol.swift in Sources */,
				D11D442025076C63000D088C /* LandmarkDetail.swift in Sources */,
				D19E1A52250A10C000FF8FEF /* BadgeBackground.swift in Sources */,
				D11D44502508CAFC000D088C /* Landmark.swift in Sources */,
				D11D44542508D051000D088C /* Data.swift in Sources */,
				D19E1A4C2509E26A00FF8FEF /* UserData.swift in Sources */,
				D19E1A4A2509D7BB00FF8FEF /* LandmarkRow.swift in Sources */,
			);
			runOnlyForDeploymentPostprocessing = 0;
		};
/* End PBXSourcesBuildPhase section */

/* Begin PBXVariantGroup section */
		D11D442625076C64000D088C /* LaunchScreen.storyboard */ = {
			isa = PBXVariantGroup;
			children = (
				D11D442725076C64000D088C /* Base */,
			);
			name = LaunchScreen.storyboard;
			sourceTree = "<group>";
		};
/* End PBXVariantGroup section */

/* Begin XCBuildConfiguration section */
		D11D442A25076C64000D088C /* Debug */ = {
			isa = XCBuildConfiguration;
			buildSettings = {
				ALWAYS_SEARCH_USER_PATHS = NO;
				CLANG_ANALYZER_NONNULL = YES;
				CLANG_ANALYZER_NUMBER_OBJECT_CONVERSION = YES_AGGRESSIVE;
				CLANG_CXX_LANGUAGE_STANDARD = "gnu++14";
				CLANG_CXX_LIBRARY = "libc++";
				CLANG_ENABLE_MODULES = YES;
				CLANG_ENABLE_OBJC_ARC = YES;
				CLANG_ENABLE_OBJC_WEAK = YES;
				CLANG_WARN_BLOCK_CAPTURE_AUTORELEASING = YES;
				CLANG_WARN_BOOL_CONVERSION = YES;
				CLANG_WARN_COMMA = YES;
				CLANG_WARN_CONSTANT_CONVERSION = YES;
				CLANG_WARN_DEPRECATED_OBJC_IMPLEMENTATIONS = YES;
				CLANG_WARN_DIRECT_OBJC_ISA_USAGE = YES_ERROR;
				CLANG_WARN_DOCUMENTATION_COMMENTS = YES;
				CLANG_WARN_EMPTY_BODY = YES;
				CLANG_WARN_ENUM_CONVERSION = YES;
				CLANG_WARN_INFINITE_RECURSION = YES;
				CLANG_WARN_INT_CONVERSION = YES;
				CLANG_WARN_NON_LITERAL_NULL_CONVERSION = YES;
				CLANG_WARN_OBJC_IMPLICIT_RETAIN_SELF = YES;
				CLANG_WARN_OBJC_LITERAL_CONVERSION = YES;
				CLANG_WARN_OBJC_ROOT_CLASS = YES_ERROR;
				CLANG_WARN_RANGE_LOOP_ANALYSIS = YES;
				CLANG_WARN_STRICT_PROTOTYPES = YES;
				CLANG_WARN_SUSPICIOUS_MOVE = YES;
				CLANG_WARN_UNGUARDED_AVAILABILITY = YES_AGGRESSIVE;
				CLANG_WARN_UNREACHABLE_CODE = YES;
				CLANG_WARN__DUPLICATE_METHOD_MATCH = YES;
				COPY_PHASE_STRIP = NO;
				DEBUG_INFORMATION_FORMAT = dwarf;
				ENABLE_STRICT_OBJC_MSGSEND = YES;
				ENABLE_TESTABILITY = YES;
				GCC_C_LANGUAGE_STANDARD = gnu11;
				GCC_DYNAMIC_NO_PIC = NO;
				GCC_NO_COMMON_BLOCKS = YES;
				GCC_OPTIMIZATION_LEVEL = 0;
				GCC_PREPROCESSOR_DEFINITIONS = (
					"DEBUG=1",
					"$(inherited)",
				);
				GCC_WARN_64_TO_32_BIT_CONVERSION = YES;
				GCC_WARN_ABOUT_RETURN_TYPE = YES_ERROR;
				GCC_WARN_UNDECLARED_SELECTOR = YES;
				GCC_WARN_UNINITIALIZED_AUTOS = YES_AGGRESSIVE;
				GCC_WARN_UNUSED_FUNCTION = YES;
				GCC_WARN_UNUSED_VARIABLE = YES;
				IPHONEOS_DEPLOYMENT_TARGET = 13.6;
				MTL_ENABLE_DEBUG_INFO = INCLUDE_SOURCE;
				MTL_FAST_MATH = YES;
				ONLY_ACTIVE_ARCH = YES;
				SDKROOT = iphoneos;
				SWIFT_ACTIVE_COMPILATION_CONDITIONS = DEBUG;
				SWIFT_OPTIMIZATION_LEVEL = "-Onone";
			};
			name = Debug;
		};
		D11D442B25076C64000D088C /* Release */ = {
			isa = XCBuildConfiguration;
			buildSettings = {
				ALWAYS_SEARCH_USER_PATHS = NO;
				CLANG_ANALYZER_NONNULL = YES;
				CLANG_ANALYZER_NUMBER_OBJECT_CONVERSION = YES_AGGRESSIVE;
				CLANG_CXX_LANGUAGE_STANDARD = "gnu++14";
				CLANG_CXX_LIBRARY = "libc++";
				CLANG_ENABLE_MODULES = YES;
				CLANG_ENABLE_OBJC_ARC = YES;
				CLANG_ENABLE_OBJC_WEAK = YES;
				CLANG_WARN_BLOCK_CAPTURE_AUTORELEASING = YES;
				CLANG_WARN_BOOL_CONVERSION = YES;
				CLANG_WARN_COMMA = YES;
				CLANG_WARN_CONSTANT_CONVERSION = YES;
				CLANG_WARN_DEPRECATED_OBJC_IMPLEMENTATIONS = YES;
				CLANG_WARN_DIRECT_OBJC_ISA_USAGE = YES_ERROR;
				CLANG_WARN_DOCUMENTATION_COMMENTS = YES;
				CLANG_WARN_EMPTY_BODY = YES;
				CLANG_WARN_ENUM_CONVERSION = YES;
				CLANG_WARN_INFINITE_RECURSION = YES;
				CLANG_WARN_INT_CONVERSION = YES;
				CLANG_WARN_NON_LITERAL_NULL_CONVERSION = YES;
				CLANG_WARN_OBJC_IMPLICIT_RETAIN_SELF = YES;
				CLANG_WARN_OBJC_LITERAL_CONVERSION = YES;
				CLANG_WARN_OBJC_ROOT_CLASS = YES_ERROR;
				CLANG_WARN_RANGE_LOOP_ANALYSIS = YES;
				CLANG_WARN_STRICT_PROTOTYPES = YES;
				CLANG_WARN_SUSPICIOUS_MOVE = YES;
				CLANG_WARN_UNGUARDED_AVAILABILITY = YES_AGGRESSIVE;
				CLANG_WARN_UNREACHABLE_CODE = YES;
				CLANG_WARN__DUPLICATE_METHOD_MATCH = YES;
				COPY_PHASE_STRIP = NO;
				DEBUG_INFORMATION_FORMAT = "dwarf-with-dsym";
				ENABLE_NS_ASSERTIONS = NO;
				ENABLE_STRICT_OBJC_MSGSEND = YES;
				GCC_C_LANGUAGE_STANDARD = gnu11;
				GCC_NO_COMMON_BLOCKS = YES;
				GCC_WARN_64_TO_32_BIT_CONVERSION = YES;
				GCC_WARN_ABOUT_RETURN_TYPE = YES_ERROR;
				GCC_WARN_UNDECLARED_SELECTOR = YES;
				GCC_WARN_UNINITIALIZED_AUTOS = YES_AGGRESSIVE;
				GCC_WARN_UNUSED_FUNCTION = YES;
				GCC_WARN_UNUSED_VARIABLE = YES;
				IPHONEOS_DEPLOYMENT_TARGET = 13.6;
				MTL_ENABLE_DEBUG_INFO = NO;
				MTL_FAST_MATH = YES;
				SDKROOT = iphoneos;
				SWIFT_COMPILATION_MODE = wholemodule;
				SWIFT_OPTIMIZATION_LEVEL = "-O";
				VALIDATE_PRODUCT = YES;
			};
			name = Release;
		};
		D11D442D25076C64000D088C /* Debug */ = {
			isa = XCBuildConfiguration;
			buildSettings = {
				ASSETCATALOG_COMPILER_APPICON_NAME = AppIcon;
				CODE_SIGN_STYLE = Automatic;
				DEVELOPMENT_ASSET_PATHS = "\"Landmarks/Preview Content\"";
				DEVELOPMENT_TEAM = 2TT97CQ745;
				ENABLE_PREVIEWS = YES;
				INFOPLIST_FILE = Landmarks/Info.plist;
				LD_RUNPATH_SEARCH_PATHS = (
					"$(inherited)",
					"@executable_path/Frameworks",
				);
				PRODUCT_BUNDLE_IDENTIFIER = com.shiga.Landmarks;
				PRODUCT_NAME = "$(TARGET_NAME)";
				SWIFT_VERSION = 5.0;
				TARGETED_DEVICE_FAMILY = "1,2";
			};
			name = Debug;
		};
		D11D442E25076C64000D088C /* Release */ = {
			isa = XCBuildConfiguration;
			buildSettings = {
				ASSETCATALOG_COMPILER_APPICON_NAME = AppIcon;
				CODE_SIGN_STYLE = Automatic;
				DEVELOPMENT_ASSET_PATHS = "\"Landmarks/Preview Content\"";
				DEVELOPMENT_TEAM = 2TT97CQ745;
				ENABLE_PREVIEWS = YES;
				INFOPLIST_FILE = Landmarks/Info.plist;
				LD_RUNPATH_SEARCH_PATHS = (
					"$(inherited)",
					"@executable_path/Frameworks",
				);
				PRODUCT_BUNDLE_IDENTIFIER = com.shiga.Landmarks;
				PRODUCT_NAME = "$(TARGET_NAME)";
				SWIFT_VERSION = 5.0;
				TARGETED_DEVICE_FAMILY = "1,2";
			};
			name = Release;
		};
/* End XCBuildConfiguration section */

/* Begin XCConfigurationList section */
		D11D441325076C63000D088C /* Build configuration list for PBXProject "Landmarks" */ = {
			isa = XCConfigurationList;
			buildConfigurations = (
				D11D442A25076C64000D088C /* Debug */,
				D11D442B25076C64000D088C /* Release */,
			);
			defaultConfigurationIsVisible = 0;
			defaultConfigurationName = Release;
		};
		D11D442C25076C64000D088C /* Build configuration list for PBXNativeTarget "Landmarks" */ = {
			isa = XCConfigurationList;
			buildConfigurations = (
				D11D442D25076C64000D088C /* Debug */,
				D11D442E25076C64000D088C /* Release */,
			);
			defaultConfigurationIsVisible = 0;
			defaultConfigurationName = Release;
		};
/* End XCConfigurationList section */
	};
	rootObject = D11D441025076C63000D088C /* Project object */;
}
