// !$*UTF8*$!
{
	archiveVersion = 1;
	classes = {
	};
	objectVersion = 50;
	objects = {

/* Begin PBXBuildFile section */
		D11D43FD250761B8000D088C /* AppDelegate.swift in Sources */ = {isa = PBXBuildFile; fileRef = D11D43FC250761B8000D088C /* AppDelegate.swift */; };
		D11D43FF250761B8000D088C /* ContentView.swift in Sources */ = {isa = PBXBuildFile; fileRef = D11D43FE250761B8000D088C /* ContentView.swift */; };
		D11D4401250761BA000D088C /* Assets.xcassets in Resources */ = {isa = PBXBuildFile; fileRef = D11D4400250761BA000D088C /* Assets.xcassets */; };
		D11D4404250761BA000D088C /* Preview Assets.xcassets in Resources */ = {isa = PBXBuildFile; fileRef = D11D4403250761BA000D088C /* Preview Assets.xcassets */; };
		D11D4407250761BA000D088C /* Main.storyboard in Resources */ = {isa = PBXBuildFile; fileRef = D11D4405250761BA000D088C /* Main.storyboard */; };
		D17837E0250E77240047E355 /* LandmarkRow.swift in Sources */ = {isa = PBXBuildFile; fileRef = D17837DF250E77240047E355 /* LandmarkRow.swift */; };
		D17837E7250E78160047E355 /* Data.swift in Sources */ = {isa = PBXBuildFile; fileRef = D17837E2250E78160047E355 /* Data.swift */; };
		D17837E8250E78160047E355 /* Profile.swift in Sources */ = {isa = PBXBuildFile; fileRef = D17837E3250E78160047E355 /* Profile.swift */; };
		D17837E9250E78160047E355 /* UserData.swift in Sources */ = {isa = PBXBuildFile; fileRef = D17837E4250E78160047E355 /* UserData.swift */; };
		D17837EA250E78160047E355 /* Hike.swift in Sources */ = {isa = PBXBuildFile; fileRef = D17837E5250E78160047E355 /* Hike.swift */; };
		D17837EB250E78160047E355 /* Landmark.swift in Sources */ = {isa = PBXBuildFile; fileRef = D17837E6250E78160047E355 /* Landmark.swift */; };
		D1783800250E788E0047E355 /* turtlerock_feature.jpg in Resources */ = {isa = PBXBuildFile; fileRef = D17837EF250E788E0047E355 /* turtlerock_feature.jpg */; };
		D1783801250E788E0047E355 /* charleyrivers.jpg in Resources */ = {isa = PBXBuildFile; fileRef = D17837F0250E788E0047E355 /* charleyrivers.jpg */; };
		D1783802250E788E0047E355 /* turtlerock.jpg in Resources */ = {isa = PBXBuildFile; fileRef = D17837F1250E788E0047E355 /* turtlerock.jpg */; };
		D1783803250E788E0047E355 /* silversalmoncreek.jpg in Resources */ = {isa = PBXBuildFile; fileRef = D17837F2250E788E0047E355 /* silversalmoncreek.jpg */; };
		D1783804250E788E0047E355 /* hikeData.json in Resources */ = {isa = PBXBuildFile; fileRef = D17837F3250E788E0047E355 /* hikeData.json */; };
		D1783805250E788E0047E355 /* icybay.jpg in Resources */ = {isa = PBXBuildFile; fileRef = D17837F4250E788E0047E355 /* icybay.jpg */; };
		D1783806250E788E0047E355 /* lakemcdonald.jpg in Resources */ = {isa = PBXBuildFile; fileRef = D17837F5250E788E0047E355 /* lakemcdonald.jpg */; };
		D1783807250E788E0047E355 /* hiddenlake.jpg in Resources */ = {isa = PBXBuildFile; fileRef = D17837F6250E788E0047E355 /* hiddenlake.jpg */; };
		D1783808250E788E0047E355 /* twinlake.jpg in Resources */ = {isa = PBXBuildFile; fileRef = D17837F7250E788E0047E355 /* twinlake.jpg */; };
		D1783809250E788E0047E355 /* charleyrivers_feature.jpg in Resources */ = {isa = PBXBuildFile; fileRef = D17837F8250E788E0047E355 /* charleyrivers_feature.jpg */; };
		D178380A250E788E0047E355 /* umbagog.jpg in Resources */ = {isa = PBXBuildFile; fileRef = D17837F9250E788E0047E355 /* umbagog.jpg */; };
		D178380B250E788E0047E355 /* landmarkData.json in Resources */ = {isa = PBXBuildFile; fileRef = D17837FA250E788E0047E355 /* landmarkData.json */; };
		D178380C250E788E0047E355 /* chincoteague.jpg in Resources */ = {isa = PBXBuildFile; fileRef = D17837FB250E788E0047E355 /* chincoteague.jpg */; };
		D178380D250E788E0047E355 /* stmarylake.jpg in Resources */ = {isa = PBXBuildFile; fileRef = D17837FC250E788E0047E355 /* stmarylake.jpg */; };
		D178380E250E788E0047E355 /* chilkoottrail.jpg in Resources */ = {isa = PBXBuildFile; fileRef = D17837FD250E788E0047E355 /* chilkoottrail.jpg */; };
		D178380F250E788E0047E355 /* stmarylake_feature.jpg in Resources */ = {isa = PBXBuildFile; fileRef = D17837FE250E788E0047E355 /* stmarylake_feature.jpg */; };
		D1783810250E788E0047E355 /* rainbowlake.jpg in Resources */ = {isa = PBXBuildFile; fileRef = D17837FF250E788E0047E355 /* rainbowlake.jpg */; };
		D19CC30B25119C1200385BC3 /* LandmarkList.swift in Sources */ = {isa = PBXBuildFile; fileRef = D19CC30A25119C1200385BC3 /* LandmarkList.swift */; };
/* End PBXBuildFile section */

/* Begin PBXFileReference section */
		D11D43F9250761B8000D088C /* MacLandmarks.app */ = {isa = PBXFileReference; explicitFileType = wrapper.application; includeInIndex = 0; path = MacLandmarks.app; sourceTree = BUILT_PRODUCTS_DIR; };
		D11D43FC250761B8000D088C /* AppDelegate.swift */ = {isa = PBXFileReference; lastKnownFileType = sourcecode.swift; path = AppDelegate.swift; sourceTree = "<group>"; };
		D11D43FE250761B8000D088C /* ContentView.swift */ = {isa = PBXFileReference; lastKnownFileType = sourcecode.swift; path = ContentView.swift; sourceTree = "<group>"; };
		D11D4400250761BA000D088C /* Assets.xcassets */ = {isa = PBXFileReference; lastKnownFileType = folder.assetcatalog; path = Assets.xcassets; sourceTree = "<group>"; };
		D11D4403250761BA000D088C /* Preview Assets.xcassets */ = {isa = PBXFileReference; lastKnownFileType = folder.assetcatalog; path = "Preview Assets.xcassets"; sourceTree = "<group>"; };
		D11D4406250761BA000D088C /* Base */ = {isa = PBXFileReference; lastKnownFileType = file.storyboard; name = Base; path = Base.lproj/Main.storyboard; sourceTree = "<group>"; };
		D11D4408250761BA000D088C /* Info.plist */ = {isa = PBXFileReference; lastKnownFileType = text.plist.xml; path = Info.plist; sourceTree = "<group>"; };
		D11D4409250761BA000D088C /* MacLandmarks.entitlements */ = {isa = PBXFileReference; lastKnownFileType = text.plist.entitlements; path = MacLandmarks.entitlements; sourceTree = "<group>"; };
		D17837DF250E77240047E355 /* LandmarkRow.swift */ = {isa = PBXFileReference; lastKnownFileType = sourcecode.swift; path = LandmarkRow.swift; sourceTree = "<group>"; };
		D17837E2250E78160047E355 /* Data.swift */ = {isa = PBXFileReference; fileEncoding = 4; lastKnownFileType = sourcecode.swift; path = Data.swift; sourceTree = "<group>"; };
		D17837E3250E78160047E355 /* Profile.swift */ = {isa = PBXFileReference; fileEncoding = 4; lastKnownFileType = sourcecode.swift; path = Profile.swift; sourceTree = "<group>"; };
		D17837E4250E78160047E355 /* UserData.swift */ = {isa = PBXFileReference; fileEncoding = 4; lastKnownFileType = sourcecode.swift; path = UserData.swift; sourceTree = "<group>"; };
		D17837E5250E78160047E355 /* Hike.swift */ = {isa = PBXFileReference; fileEncoding = 4; lastKnownFileType = sourcecode.swift; path = Hike.swift; sourceTree = "<group>"; };
		D17837E6250E78160047E355 /* Landmark.swift */ = {isa = PBXFileReference; fileEncoding = 4; lastKnownFileType = sourcecode.swift; path = Landmark.swift; sourceTree = "<group>"; };
		D17837EF250E788E0047E355 /* turtlerock_feature.jpg */ = {isa = PBXFileReference; lastKnownFileType = image.jpeg; path = turtlerock_feature.jpg; sourceTree = "<group>"; };
		D17837F0250E788E0047E355 /* charleyrivers.jpg */ = {isa = PBXFileReference; lastKnownFileType = image.jpeg; path = charleyrivers.jpg; sourceTree = "<group>"; };
		D17837F1250E788E0047E355 /* turtlerock.jpg */ = {isa = PBXFileReference; lastKnownFileType = image.jpeg; path = turtlerock.jpg; sourceTree = "<group>"; };
		D17837F2250E788E0047E355 /* silversalmoncreek.jpg */ = {isa = PBXFileReference; lastKnownFileType = image.jpeg; path = silversalmoncreek.jpg; sourceTree = "<group>"; };
		D17837F3250E788E0047E355 /* hikeData.json */ = {isa = PBXFileReference; fileEncoding = 4; lastKnownFileType = text.json; path = hikeData.json; sourceTree = "<group>"; };
		D17837F4250E788E0047E355 /* icybay.jpg */ = {isa = PBXFileReference; lastKnownFileType = image.jpeg; path = icybay.jpg; sourceTree = "<group>"; };
		D17837F5250E788E0047E355 /* lakemcdonald.jpg */ = {isa = PBXFileReference; lastKnownFileType = image.jpeg; path = lakemcdonald.jpg; sourceTree = "<group>"; };
		D17837F6250E788E0047E355 /* hiddenlake.jpg */ = {isa = PBXFileReference; lastKnownFileType = image.jpeg; path = hiddenlake.jpg; sourceTree = "<group>"; };
		D17837F7250E788E0047E355 /* twinlake.jpg */ = {isa = PBXFileReference; lastKnownFileType = image.jpeg; path = twinlake.jpg; sourceTree = "<group>"; };
		D17837F8250E788E0047E355 /* charleyrivers_feature.jpg */ = {isa = PBXFileReference; lastKnownFileType = image.jpeg; path = charleyrivers_feature.jpg; sourceTree = "<group>"; };
		D17837F9250E788E0047E355 /* umbagog.jpg */ = {isa = PBXFileReference; lastKnownFileType = image.jpeg; path = umbagog.jpg; sourceTree = "<group>"; };
		D17837FA250E788E0047E355 /* landmarkData.json */ = {isa = PBXFileReference; fileEncoding = 4; lastKnownFileType = text.json; path = landmarkData.json; sourceTree = "<group>"; };
		D17837FB250E788E0047E355 /* chincoteague.jpg */ = {isa = PBXFileReference; lastKnownFileType = image.jpeg; path = chincoteague.jpg; sourceTree = "<group>"; };
		D17837FC250E788E0047E355 /* stmarylake.jpg */ = {isa = PBXFileReference; lastKnownFileType = image.jpeg; path = stmarylake.jpg; sourceTree = "<group>"; };
		D17837FD250E788E0047E355 /* chilkoottrail.jpg */ = {isa = PBXFileReference; lastKnownFileType = image.jpeg; path = chilkoottrail.jpg; sourceTree = "<group>"; };
		D17837FE250E788E0047E355 /* stmarylake_feature.jpg */ = {isa = PBXFileReference; lastKnownFileType = image.jpeg; path = stmarylake_feature.jpg; sourceTree = "<group>"; };
		D17837FF250E788E0047E355 /* rainbowlake.jpg */ = {isa = PBXFileReference; lastKnownFileType = image.jpeg; path = rainbowlake.jpg; sourceTree = "<group>"; };
		D19CC30A25119C1200385BC3 /* LandmarkList.swift */ = {isa = PBXFileReference; lastKnownFileType = sourcecode.swift; path = LandmarkList.swift; sourceTree = "<group>"; };
/* End PBXFileReference section */

/* Begin PBXFrameworksBuildPhase section */
		D11D43F6250761B8000D088C /* Frameworks */ = {
			isa = PBXFrameworksBuildPhase;
			buildActionMask = 2147483647;
			files = (
			);
			runOnlyForDeploymentPostprocessing = 0;
		};
/* End PBXFrameworksBuildPhase section */

/* Begin PBXGroup section */
		D11D43F0250761B8000D088C = {
			isa = PBXGroup;
			children = (
				D11D43FB250761B8000D088C /* MacLandmarks */,
				D11D43FA250761B8000D088C /* Products */,
			);
			sourceTree = "<group>";
		};
		D11D43FA250761B8000D088C /* Products */ = {
			isa = PBXGroup;
			children = (
				D11D43F9250761B8000D088C /* MacLandmarks.app */,
			);
			name = Products;
			sourceTree = "<group>";
		};
		D11D43FB250761B8000D088C /* MacLandmarks */ = {
			isa = PBXGroup;
			children = (
				D17837EE250E788E0047E355 /* Resources */,
				D17837E1250E78160047E355 /* Models */,
				D17837DE250E76EB0047E355 /* Landmarks */,
				D11D43FC250761B8000D088C /* AppDelegate.swift */,
				D11D43FE250761B8000D088C /* ContentView.swift */,
				D11D4400250761BA000D088C /* Assets.xcassets */,
				D11D4405250761BA000D088C /* Main.storyboard */,
				D11D4408250761BA000D088C /* Info.plist */,
				D11D4409250761BA000D088C /* MacLandmarks.entitlements */,
				D11D4402250761BA000D088C /* Preview Content */,
			);
			path = MacLandmarks;
			sourceTree = "<group>";
		};
		D11D4402250761BA000D088C /* Preview Content */ = {
			isa = PBXGroup;
			children = (
				D11D4403250761BA000D088C /* Preview Assets.xcassets */,
			);
			path = "Preview Content";
			sourceTree = "<group>";
		};
		D17837DE250E76EB0047E355 /* Landmarks */ = {
			isa = PBXGroup;
			children = (
				D17837DF250E77240047E355 /* LandmarkRow.swift */,
				D19CC30A25119C1200385BC3 /* LandmarkList.swift */,
			);
			path = Landmarks;
			sourceTree = "<group>";
		};
		D17837E1250E78160047E355 /* Models */ = {
			isa = PBXGroup;
			children = (
				D17837E2250E78160047E355 /* Data.swift */,
				D17837E3250E78160047E355 /* Profile.swift */,
				D17837E4250E78160047E355 /* UserData.swift */,
				D17837E5250E78160047E355 /* Hike.swift */,
				D17837E6250E78160047E355 /* Landmark.swift */,
			);
			name = Models;
			path = ../../../../../../Desktop/CreatingAmacOSApp/Complete/Landmarks/Landmarks/Models;
			sourceTree = "<group>";
		};
		D17837EE250E788E0047E355 /* Resources */ = {
			isa = PBXGroup;
			children = (
				D17837EF250E788E0047E355 /* turtlerock_feature.jpg */,
				D17837F0250E788E0047E355 /* charleyrivers.jpg */,
				D17837F1250E788E0047E355 /* turtlerock.jpg */,
				D17837F2250E788E0047E355 /* silversalmoncreek.jpg */,
				D17837F3250E788E0047E355 /* hikeData.json */,
				D17837F4250E788E0047E355 /* icybay.jpg */,
				D17837F5250E788E0047E355 /* lakemcdonald.jpg */,
				D17837F6250E788E0047E355 /* hiddenlake.jpg */,
				D17837F7250E788E0047E355 /* twinlake.jpg */,
				D17837F8250E788E0047E355 /* charleyrivers_feature.jpg */,
				D17837F9250E788E0047E355 /* umbagog.jpg */,
				D17837FA250E788E0047E355 /* landmarkData.json */,
				D17837FB250E788E0047E355 /* chincoteague.jpg */,
				D17837FC250E788E0047E355 /* stmarylake.jpg */,
				D17837FD250E788E0047E355 /* chilkoottrail.jpg */,
				D17837FE250E788E0047E355 /* stmarylake_feature.jpg */,
				D17837FF250E788E0047E355 /* rainbowlake.jpg */,
			);
			name = Resources;
			path = ../../../../../../Desktop/CreatingAmacOSApp/Complete/Landmarks/Landmarks/Resources;
			sourceTree = "<group>";
		};
/* End PBXGroup section */

/* Begin PBXNativeTarget section */
		D11D43F8250761B8000D088C /* MacLandmarks */ = {
			isa = PBXNativeTarget;
			buildConfigurationList = D11D440C250761BA000D088C /* Build configuration list for PBXNativeTarget "MacLandmarks" */;
			buildPhases = (
				D11D43F5250761B8000D088C /* Sources */,
				D11D43F6250761B8000D088C /* Frameworks */,
				D11D43F7250761B8000D088C /* Resources */,
			);
			buildRules = (
			);
			dependencies = (
			);
			name = MacLandmarks;
			productName = MacLandmarks;
			productReference = D11D43F9250761B8000D088C /* MacLandmarks.app */;
			productType = "com.apple.product-type.application";
		};
/* End PBXNativeTarget section */

/* Begin PBXProject section */
		D11D43F1250761B8000D088C /* Project object */ = {
			isa = PBXProject;
			attributes = {
				LastSwiftUpdateCheck = 1160;
				LastUpgradeCheck = 1160;
				ORGANIZATIONNAME = "Keita Shiga";
				TargetAttributes = {
					D11D43F8250761B8000D088C = {
						CreatedOnToolsVersion = 11.6;
					};
				};
			};
			buildConfigurationList = D11D43F4250761B8000D088C /* Build configuration list for PBXProject "MacLandmarks" */;
			compatibilityVersion = "Xcode 9.3";
			developmentRegion = en;
			hasScannedForEncodings = 0;
			knownRegions = (
				en,
				Base,
			);
			mainGroup = D11D43F0250761B8000D088C;
			productRefGroup = D11D43FA250761B8000D088C /* Products */;
			projectDirPath = "";
			projectRoot = "";
			targets = (
				D11D43F8250761B8000D088C /* MacLandmarks */,
			);
		};
/* End PBXProject section */

/* Begin PBXResourcesBuildPhase section */
		D11D43F7250761B8000D088C /* Resources */ = {
			isa = PBXResourcesBuildPhase;
			buildActionMask = 2147483647;
			files = (
				D1783804250E788E0047E355 /* hikeData.json in Resources */,
				D1783810250E788E0047E355 /* rainbowlake.jpg in Resources */,
				D178380E250E788E0047E355 /* chilkoottrail.jpg in Resources */,
				D1783801250E788E0047E355 /* charleyrivers.jpg in Resources */,
				D178380A250E788E0047E355 /* umbagog.jpg in Resources */,
				D11D4407250761BA000D088C /* Main.storyboard in Resources */,
				D1783802250E788E0047E355 /* turtlerock.jpg in Resources */,
				D11D4404250761BA000D088C /* Preview Assets.xcassets in Resources */,
				D1783807250E788E0047E355 /* hiddenlake.jpg in Resources */,
				D1783808250E788E0047E355 /* twinlake.jpg in Resources */,
				D178380B250E788E0047E355 /* landmarkData.json in Resources */,
				D1783803250E788E0047E355 /* silversalmoncreek.jpg in Resources */,
				D178380F250E788E0047E355 /* stmarylake_feature.jpg in Resources */,
				D1783806250E788E0047E355 /* lakemcdonald.jpg in Resources */,
				D1783809250E788E0047E355 /* charleyrivers_feature.jpg in Resources */,
				D178380D250E788E0047E355 /* stmarylake.jpg in Resources */,
				D11D4401250761BA000D088C /* Assets.xcassets in Resources */,
				D1783805250E788E0047E355 /* icybay.jpg in Resources */,
				D178380C250E788E0047E355 /* chincoteague.jpg in Resources */,
				D1783800250E788E0047E355 /* turtlerock_feature.jpg in Resources */,
			);
			runOnlyForDeploymentPostprocessing = 0;
		};
/* End PBXResourcesBuildPhase section */

/* Begin PBXSourcesBuildPhase section */
		D11D43F5250761B8000D088C /* Sources */ = {
			isa = PBXSourcesBuildPhase;
			buildActionMask = 2147483647;
			files = (
				D17837E9250E78160047E355 /* UserData.swift in Sources */,
				D11D43FF250761B8000D088C /* ContentView.swift in Sources */,
				D17837E8250E78160047E355 /* Profile.swift in Sources */,
				D17837EB250E78160047E355 /* Landmark.swift in Sources */,
				D19CC30B25119C1200385BC3 /* LandmarkList.swift in Sources */,
				D17837EA250E78160047E355 /* Hike.swift in Sources */,
				D11D43FD250761B8000D088C /* AppDelegate.swift in Sources */,
				D17837E0250E77240047E355 /* LandmarkRow.swift in Sources */,
				D17837E7250E78160047E355 /* Data.swift in Sources */,
			);
			runOnlyForDeploymentPostprocessing = 0;
		};
/* End PBXSourcesBuildPhase section */

/* Begin PBXVariantGroup section */
		D11D4405250761BA000D088C /* Main.storyboard */ = {
			isa = PBXVariantGroup;
			children = (
				D11D4406250761BA000D088C /* Base */,
			);
			name = Main.storyboard;
			sourceTree = "<group>";
		};
/* End PBXVariantGroup section */

/* Begin XCBuildConfiguration section */
		D11D440A250761BA000D088C /* Debug */ = {
			isa = XCBuildConfiguration;
			buildSettings = {
				ALWAYS_SEARCH_USER_PATHS = NO;
				CLANG_ANALYZER_NONNULL = YES;
				CLANG_ANALYZER_NUMBER_OBJECT_CONVERSION = YES_AGGRESSIVE;
				CLANG_CXX_LANGUAGE_STANDARD = "gnu++14";
				CLANG_CXX_LIBRARY = "libc++";
				CLANG_ENABLE_MODULES = YES;
				CLANG_ENABLE_OBJC_ARC = YES;
				CLANG_ENABLE_OBJC_WEAK = YES;
				CLANG_WARN_BLOCK_CAPTURE_AUTORELEASING = YES;
				CLANG_WARN_BOOL_CONVERSION = YES;
				CLANG_WARN_COMMA = YES;
				CLANG_WARN_CONSTANT_CONVERSION = YES;
				CLANG_WARN_DEPRECATED_OBJC_IMPLEMENTATIONS = YES;
				CLANG_WARN_DIRECT_OBJC_ISA_USAGE = YES_ERROR;
				CLANG_WARN_DOCUMENTATION_COMMENTS = YES;
				CLANG_WARN_EMPTY_BODY = YES;
				CLANG_WARN_ENUM_CONVERSION = YES;
				CLANG_WARN_INFINITE_RECURSION = YES;
				CLANG_WARN_INT_CONVERSION = YES;
				CLANG_WARN_NON_LITERAL_NULL_CONVERSION = YES;
				CLANG_WARN_OBJC_IMPLICIT_RETAIN_SELF = YES;
				CLANG_WARN_OBJC_LITERAL_CONVERSION = YES;
				CLANG_WARN_OBJC_ROOT_CLASS = YES_ERROR;
				CLANG_WARN_RANGE_LOOP_ANALYSIS = YES;
				CLANG_WARN_STRICT_PROTOTYPES = YES;
				CLANG_WARN_SUSPICIOUS_MOVE = YES;
				CLANG_WARN_UNGUARDED_AVAILABILITY = YES_AGGRESSIVE;
				CLANG_WARN_UNREACHABLE_CODE = YES;
				CLANG_WARN__DUPLICATE_METHOD_MATCH = YES;
				COPY_PHASE_STRIP = NO;
				DEBUG_INFORMATION_FORMAT = dwarf;
				ENABLE_STRICT_OBJC_MSGSEND = YES;
				ENABLE_TESTABILITY = YES;
				GCC_C_LANGUAGE_STANDARD = gnu11;
				GCC_DYNAMIC_NO_PIC = NO;
				GCC_NO_COMMON_BLOCKS = YES;
				GCC_OPTIMIZATION_LEVEL = 0;
				GCC_PREPROCESSOR_DEFINITIONS = (
					"DEBUG=1",
					"$(inherited)",
				);
				GCC_WARN_64_TO_32_BIT_CONVERSION = YES;
				GCC_WARN_ABOUT_RETURN_TYPE = YES_ERROR;
				GCC_WARN_UNDECLARED_SELECTOR = YES;
				GCC_WARN_UNINITIALIZED_AUTOS = YES_AGGRESSIVE;
				GCC_WARN_UNUSED_FUNCTION = YES;
				GCC_WARN_UNUSED_VARIABLE = YES;
				MACOSX_DEPLOYMENT_TARGET = 10.15;
				MTL_ENABLE_DEBUG_INFO = INCLUDE_SOURCE;
				MTL_FAST_MATH = YES;
				ONLY_ACTIVE_ARCH = YES;
				SDKROOT = macosx;
				SWIFT_ACTIVE_COMPILATION_CONDITIONS = DEBUG;
				SWIFT_OPTIMIZATION_LEVEL = "-Onone";
			};
			name = Debug;
		};
		D11D440B250761BA000D088C /* Release */ = {
			isa = XCBuildConfiguration;
			buildSettings = {
				ALWAYS_SEARCH_USER_PATHS = NO;
				CLANG_ANALYZER_NONNULL = YES;
				CLANG_ANALYZER_NUMBER_OBJECT_CONVERSION = YES_AGGRESSIVE;
				CLANG_CXX_LANGUAGE_STANDARD = "gnu++14";
				CLANG_CXX_LIBRARY = "libc++";
				CLANG_ENABLE_MODULES = YES;
				CLANG_ENABLE_OBJC_ARC = YES;
				CLANG_ENABLE_OBJC_WEAK = YES;
				CLANG_WARN_BLOCK_CAPTURE_AUTORELEASING = YES;
				CLANG_WARN_BOOL_CONVERSION = YES;
				CLANG_WARN_COMMA = YES;
				CLANG_WARN_CONSTANT_CONVERSION = YES;
				CLANG_WARN_DEPRECATED_OBJC_IMPLEMENTATIONS = YES;
				CLANG_WARN_DIRECT_OBJC_ISA_USAGE = YES_ERROR;
				CLANG_WARN_DOCUMENTATION_COMMENTS = YES;
				CLANG_WARN_EMPTY_BODY = YES;
				CLANG_WARN_ENUM_CONVERSION = YES;
				CLANG_WARN_INFINITE_RECURSION = YES;
				CLANG_WARN_INT_CONVERSION = YES;
				CLANG_WARN_NON_LITERAL_NULL_CONVERSION = YES;
				CLANG_WARN_OBJC_IMPLICIT_RETAIN_SELF = YES;
				CLANG_WARN_OBJC_LITERAL_CONVERSION = YES;
				CLANG_WARN_OBJC_ROOT_CLASS = YES_ERROR;
				CLANG_WARN_RANGE_LOOP_ANALYSIS = YES;
				CLANG_WARN_STRICT_PROTOTYPES = YES;
				CLANG_WARN_SUSPICIOUS_MOVE = YES;
				CLANG_WARN_UNGUARDED_AVAILABILITY = YES_AGGRESSIVE;
				CLANG_WARN_UNREACHABLE_CODE = YES;
				CLANG_WARN__DUPLICATE_METHOD_MATCH = YES;
				COPY_PHASE_STRIP = NO;
				DEBUG_INFORMATION_FORMAT = "dwarf-with-dsym";
				ENABLE_NS_ASSERTIONS = NO;
				ENABLE_STRICT_OBJC_MSGSEND = YES;
				GCC_C_LANGUAGE_STANDARD = gnu11;
				GCC_NO_COMMON_BLOCKS = YES;
				GCC_WARN_64_TO_32_BIT_CONVERSION = YES;
				GCC_WARN_ABOUT_RETURN_TYPE = YES_ERROR;
				GCC_WARN_UNDECLARED_SELECTOR = YES;
				GCC_WARN_UNINITIALIZED_AUTOS = YES_AGGRESSIVE;
				GCC_WARN_UNUSED_FUNCTION = YES;
				GCC_WARN_UNUSED_VARIABLE = YES;
				MACOSX_DEPLOYMENT_TARGET = 10.15;
				MTL_ENABLE_DEBUG_INFO = NO;
				MTL_FAST_MATH = YES;
				SDKROOT = macosx;
				SWIFT_COMPILATION_MODE = wholemodule;
				SWIFT_OPTIMIZATION_LEVEL = "-O";
			};
			name = Release;
		};
		D11D440D250761BA000D088C /* Debug */ = {
			isa = XCBuildConfiguration;
			buildSettings = {
				ASSETCATALOG_COMPILER_APPICON_NAME = AppIcon;
				CODE_SIGN_ENTITLEMENTS = MacLandmarks/MacLandmarks.entitlements;
				CODE_SIGN_STYLE = Automatic;
				COMBINE_HIDPI_IMAGES = YES;
				DEVELOPMENT_ASSET_PATHS = "\"MacLandmarks/Preview Content\"";
				DEVELOPMENT_TEAM = 2TT97CQ745;
				ENABLE_HARDENED_RUNTIME = YES;
				ENABLE_PREVIEWS = YES;
				INFOPLIST_FILE = MacLandmarks/Info.plist;
				LD_RUNPATH_SEARCH_PATHS = (
					"$(inherited)",
					"@executable_path/../Frameworks",
				);
				MACOSX_DEPLOYMENT_TARGET = 10.15.3;
				PRODUCT_BUNDLE_IDENTIFIER = com.shiga.MacLandmarks;
				PRODUCT_NAME = "$(TARGET_NAME)";
				SWIFT_VERSION = 5.0;
			};
			name = Debug;
		};
		D11D440E250761BA000D088C /* Release */ = {
			isa = XCBuildConfiguration;
			buildSettings = {
				ASSETCATALOG_COMPILER_APPICON_NAME = AppIcon;
				CODE_SIGN_ENTITLEMENTS = MacLandmarks/MacLandmarks.entitlements;
				CODE_SIGN_STYLE = Automatic;
				COMBINE_HIDPI_IMAGES = YES;
				DEVELOPMENT_ASSET_PATHS = "\"MacLandmarks/Preview Content\"";
				DEVELOPMENT_TEAM = 2TT97CQ745;
				ENABLE_HARDENED_RUNTIME = YES;
				ENABLE_PREVIEWS = YES;
				INFOPLIST_FILE = MacLandmarks/Info.plist;
				LD_RUNPATH_SEARCH_PATHS = (
					"$(inherited)",
					"@executable_path/../Frameworks",
				);
				MACOSX_DEPLOYMENT_TARGET = 10.15.3;
				PRODUCT_BUNDLE_IDENTIFIER = com.shiga.MacLandmarks;
				PRODUCT_NAME = "$(TARGET_NAME)";
				SWIFT_VERSION = 5.0;
			};
			name = Release;
		};
/* End XCBuildConfiguration section */

/* Begin XCConfigurationList section */
		D11D43F4250761B8000D088C /* Build configuration list for PBXProject "MacLandmarks" */ = {
			isa = XCConfigurationList;
			buildConfigurations = (
				D11D440A250761BA000D088C /* Debug */,
				D11D440B250761BA000D088C /* Release */,
			);
			defaultConfigurationIsVisible = 0;
			defaultConfigurationName = Release;
		};
		D11D440C250761BA000D088C /* Build configuration list for PBXNativeTarget "MacLandmarks" */ = {
			isa = XCConfigurationList;
			buildConfigurations = (
				D11D440D250761BA000D088C /* Debug */,
				D11D440E250761BA000D088C /* Release */,
			);
			defaultConfigurationIsVisible = 0;
			defaultConfigurationName = Release;
		};
/* End XCConfigurationList section */
	};
	rootObject = D11D43F1250761B8000D088C /* Project object */;
}
